
Microsoft Visual Studio Solution File, Format Version 12.00
# Visual Studio 15
VisualStudioVersion = 15.0.27004.2006
MinimumVisualStudioVersion = 10.0.40219.1
Project("{FAE04EC0-301F-11D3-BF4B-00C04F79EFBC}") = "SoPromocao1", "SoPromocao\SoPromocao1.csproj", "{35296512-643C-4B8C-BE5B-F280D6EB8B2E}"
EndProject
Project("{9A19103F-16F7-4668-BE54-9A1E7A4F7556}") = "SoPromocao", "..\..\Es2Projeto\SoPromocao\11.Codigo\SoPromocao\SoPromocao\SoPromocao.csproj", "{1477655A-FA63-4C96-A887-0955A40EB64C}"
EndProject
Project("{FAE04EC0-301F-11D3-BF4B-00C04F79EFBC}") = "SoPromocao2", "SoPromocao2\SoPromocao2.csproj", "{1AA0AB1C-99B8-49B8-86DA-41FE6194603D}"
EndProject
Global
	GlobalSection(SolutionConfigurationPlatforms) = preSolution
		Debug|Any CPU = Debug|Any CPU
		Release|Any CPU = Release|Any CPU
	EndGlobalSection
	GlobalSection(ProjectConfigurationPlatforms) = postSolution
		{35296512-643C-4B8C-BE5B-F280D6EB8B2E}.Debug|Any CPU.ActiveCfg = Debug|Any CPU
		{35296512-643C-4B8C-BE5B-F280D6EB8B2E}.Debug|Any CPU.Build.0 = Debug|Any CPU
		{35296512-643C-4B8C-BE5B-F280D6EB8B2E}.Release|Any CPU.ActiveCfg = Release|Any CPU
		{35296512-643C-4B8C-BE5B-F280D6EB8B2E}.Release|Any CPU.Build.0 = Release|Any CPU
		{1477655A-FA63-4C96-A887-0955A40EB64C}.Debug|Any CPU.ActiveCfg = Debug|Any CPU
		{1477655A-FA63-4C96-A887-0955A40EB64C}.Debug|Any CPU.Build.0 = Debug|Any CPU
		{1477655A-FA63-4C96-A887-0955A40EB64C}.Release|Any CPU.ActiveCfg = Release|Any CPU
		{1477655A-FA63-4C96-A887-0955A40EB64C}.Release|Any CPU.Build.0 = Release|Any CPU
		{1AA0AB1C-99B8-49B8-86DA-41FE6194603D}.Debug|Any CPU.ActiveCfg = Debug|Any CPU
		{1AA0AB1C-99B8-49B8-86DA-41FE6194603D}.Debug|Any CPU.Build.0 = Debug|Any CPU
		{1AA0AB1C-99B8-49B8-86DA-41FE6194603D}.Release|Any CPU.ActiveCfg = Release|Any CPU
		{1AA0AB1C-99B8-49B8-86DA-41FE6194603D}.Release|Any CPU.Build.0 = Release|Any CPU
	EndGlobalSection
	GlobalSection(SolutionProperties) = preSolution
		HideSolutionNode = FALSE
	EndGlobalSection
	GlobalSection(ExtensibilityGlobals) = postSolution
		SolutionGuid = {E942264A-8F77-4ECA-BDA5-8B2FE0157BAF}
	EndGlobalSection
EndGlobal
